{
  "version": 4,
  "terraform_version": "1.3.7",
  "serial": 1,
  "lineage": "38b7d4be-651c-2554-4c73-d2593d296d28",
  "outputs": {},
  "resources": [
    {
      "mode": "managed",
      "type": "random_integer",
      "name": "name",
      "provider": "provider[\"registry.terraform.io/hashicorp/random\"]",
      "instances": [
        {
          "schema_version": 0,
          "attributes": {
            "id": "4",
            "keepers": null,
            "max": 20,
            "min": 1,
            "result": 4,
            "seed": null
          },
          "sensitive_attributes": []
        }
      ]
    }
  ],
  "check_results": null
}
