{
  "version": 4,
  "terraform_version": "1.3.7",
  "serial": 55,
  "lineage": "ac251afb-0705-f900-f033-ee36f8ba5ce0",
  "outputs": {},
  "resources": [
    {
      "mode": "managed",
      "type": "local_file",
      "name": "sample_res",
      "provider": "provider[\"registry.terraform.io/hashicorp/local\"]",
      "instances": [
        {
          "schema_version": 0,
          "attributes": {
            "content": "asy bhi chalyga kya",
            "content_base64": null,
            "directory_permission": "0777",
            "file_permission": "0777",
            "filename": "new-created-file.txt",
            "id": "34b998b7066035a5af00f918bd64749696c694c1",
            "sensitive_content": null,
            "source": null
          },
          "sensitive_attributes": []
        }
      ]
    }
  ],
  "check_results": null
}
