{
  "version": 4,
  "terraform_version": "1.3.7",
  "serial": 1,
  "lineage": "89fea176-9254-1528-4f03-a270120621b6",
  "outputs": {},
  "resources": [
    {
      "mode": "managed",
      "type": "local_file",
      "name": "sample_res",
      "provider": "provider[\"registry.terraform.io/hashicorp/local\"]",
      "instances": [
        {
          "schema_version": 0,
          "attributes": {
            "content": "hello",
            "content_base64": null,
            "directory_permission": "0777",
            "file_permission": "0777",
            "filename": "new-created-file.txt",
            "id": "aaf4c61ddcc5e8a2dabede0f3b482cd9aea9434d",
            "sensitive_content": null,
            "source": null
          },
          "sensitive_attributes": []
        }
      ]
    }
  ],
  "check_results": null
}
