{
  "version": 4,
  "terraform_version": "1.3.7",
  "serial": 37,
  "lineage": "da25d0bb-3d77-a295-ccee-8bf3724d4daa",
  "outputs": {},
  "resources": [
    {
      "mode": "managed",
      "type": "random_integer",
      "name": "name",
      "provider": "provider[\"registry.terraform.io/hashicorp/random\"]",
      "instances": [
        {
          "schema_version": 0,
          "attributes": {
            "id": "268",
            "keepers": null,
            "max": 500,
            "min": 2,
            "result": 268,
            "seed": null
          },
          "sensitive_attributes": []
        }
      ]
    }
  ],
  "check_results": null
}
